
Microsoft Visual Studio Solution File, Format Version 12.00
# Visual Studio Version 16
VisualStudioVersion = 16.0.31321.278
MinimumVisualStudioVersion = 10.0.40219.1
Project("{159641D6-6404-4A2A-AE62-294DE0FE8301}") = "SSIS1", "SSIS1.dtproj", "{722F24D9-3B79-4C18-BC56-977AE3905D2A}"
EndProject
Global
	GlobalSection(SolutionConfigurationPlatforms) = preSolution
		Development|Default = Development|Default
	EndGlobalSection
	GlobalSection(ProjectConfigurationPlatforms) = postSolution
		{722F24D9-3B79-4C18-BC56-977AE3905D2A}.Development|Default.ActiveCfg = Development
		{722F24D9-3B79-4C18-BC56-977AE3905D2A}.Development|Default.Build.0 = Development
	EndGlobalSection
	GlobalSection(SolutionProperties) = preSolution
		HideSolutionNode = FALSE
	EndGlobalSection
	GlobalSection(ExtensibilityGlobals) = postSolution
		SolutionGuid = {8B5DA6A8-7564-47F0-9454-D5223F86C20D}
	EndGlobalSection
EndGlobal
